
Microsoft Visual Studio Solution File, Format Version 12.00
# Visual Studio Version 17
VisualStudioVersion = 17.14.36221.1 d17.14
MinimumVisualStudioVersion = 10.0.40219.1
Project("{FAE04EC0-301F-11D3-BF4B-00C04F79EFBC}") = "Bingo", "Bingo\Bingo.csproj", "{D4A498A3-40E2-40A3-942C-EC60B515B340}"
EndProject
Global
	GlobalSection(SolutionConfigurationPlatforms) = preSolution
		Debug|Any CPU = Debug|Any CPU
		Release|Any CPU = Release|Any CPU
	EndGlobalSection
	GlobalSection(ProjectConfigurationPlatforms) = postSolution
		{D4A498A3-40E2-40A3-942C-EC60B515B340}.Debug|Any CPU.ActiveCfg = Debug|Any CPU
		{D4A498A3-40E2-40A3-942C-EC60B515B340}.Debug|Any CPU.Build.0 = Debug|Any CPU
		{D4A498A3-40E2-40A3-942C-EC60B515B340}.Release|Any CPU.ActiveCfg = Release|Any CPU
		{D4A498A3-40E2-40A3-942C-EC60B515B340}.Release|Any CPU.Build.0 = Release|Any CPU
	EndGlobalSection
	GlobalSection(SolutionProperties) = preSolution
		HideSolutionNode = FALSE
	EndGlobalSection
	GlobalSection(ExtensibilityGlobals) = postSolution
		SolutionGuid = {37292BD6-4A6A-48A4-B5CE-275771A062C8}
	EndGlobalSection
EndGlobal
